
Microsoft Visual Studio Solution File, Format Version 12.00
# Visual Studio Version 17
VisualStudioVersion = 17.8.34330.188
MinimumVisualStudioVersion = 10.0.40219.1
Project("{9A19103F-16F7-4668-BE54-9A1E7A4F7556}") = "RavelryReimagined.API", "RavelryReimagined.API.csproj", "{1111B689-5818-49BF-8A5A-18C3E91DBF0E}"
EndProject
Global
	GlobalSection(SolutionConfigurationPlatforms) = preSolution
		Debug|Any CPU = Debug|Any CPU
		Release|Any CPU = Release|Any CPU
	EndGlobalSection
	GlobalSection(ProjectConfigurationPlatforms) = postSolution
		{1111B689-5818-49BF-8A5A-18C3E91DBF0E}.Debug|Any CPU.ActiveCfg = Debug|Any CPU
		{1111B689-5818-49BF-8A5A-18C3E91DBF0E}.Debug|Any CPU.Build.0 = Debug|Any CPU
		{1111B689-5818-49BF-8A5A-18C3E91DBF0E}.Release|Any CPU.ActiveCfg = Release|Any CPU
		{1111B689-5818-49BF-8A5A-18C3E91DBF0E}.Release|Any CPU.Build.0 = Release|Any CPU
	EndGlobalSection
	GlobalSection(SolutionProperties) = preSolution
		HideSolutionNode = FALSE
	EndGlobalSection
	GlobalSection(ExtensibilityGlobals) = postSolution
		SolutionGuid = {95149591-5C6B-4D6C-91F7-C078F79BB068}
	EndGlobalSection
EndGlobal
